
Microsoft Visual Studio Solution File, Format Version 12.00
# Visual Studio Version 17
VisualStudioVersion = 17.10.35027.167
MinimumVisualStudioVersion = 10.0.40219.1
Project("{FAE04EC0-301F-11D3-BF4B-00C04F79EFBC}") = "StockMarketApplication", "StockMarketApplication\StockMarketApplication.csproj", "{535681EB-FA42-4CB4-94EB-C463DD081ACB}"
EndProject
Global
	GlobalSection(SolutionConfigurationPlatforms) = preSolution
		Debug|Any CPU = Debug|Any CPU
		Release|Any CPU = Release|Any CPU
	EndGlobalSection
	GlobalSection(ProjectConfigurationPlatforms) = postSolution
		{535681EB-FA42-4CB4-94EB-C463DD081ACB}.Debug|Any CPU.ActiveCfg = Debug|Any CPU
		{535681EB-FA42-4CB4-94EB-C463DD081ACB}.Debug|Any CPU.Build.0 = Debug|Any CPU
		{535681EB-FA42-4CB4-94EB-C463DD081ACB}.Release|Any CPU.ActiveCfg = Release|Any CPU
		{535681EB-FA42-4CB4-94EB-C463DD081ACB}.Release|Any CPU.Build.0 = Release|Any CPU
	EndGlobalSection
	GlobalSection(SolutionProperties) = preSolution
		HideSolutionNode = FALSE
	EndGlobalSection
	GlobalSection(ExtensibilityGlobals) = postSolution
		SolutionGuid = {24E11910-76D9-4C11-BACF-3987F5D1F0BB}
	EndGlobalSection
EndGlobal
